
Microsoft Visual Studio Solution File, Format Version 12.00
# Visual Studio Version 17
VisualStudioVersion = 17.13.35828.75 d17.13
MinimumVisualStudioVersion = 10.0.40219.1
Project("{FAE04EC0-301F-11D3-BF4B-00C04F79EFBC}") = "APST", "APST.csproj", "{F63D56D9-0E1F-427A-B4BD-0588C9216EF0}"
EndProject
Global
	GlobalSection(SolutionConfigurationPlatforms) = preSolution
		Debug|Any CPU = Debug|Any CPU
		Release|Any CPU = Release|Any CPU
	EndGlobalSection
	GlobalSection(ProjectConfigurationPlatforms) = postSolution
		{F63D56D9-0E1F-427A-B4BD-0588C9216EF0}.Debug|Any CPU.ActiveCfg = Debug|Any CPU
		{F63D56D9-0E1F-427A-B4BD-0588C9216EF0}.Debug|Any CPU.Build.0 = Debug|Any CPU
		{F63D56D9-0E1F-427A-B4BD-0588C9216EF0}.Release|Any CPU.ActiveCfg = Release|Any CPU
		{F63D56D9-0E1F-427A-B4BD-0588C9216EF0}.Release|Any CPU.Build.0 = Release|Any CPU
	EndGlobalSection
	GlobalSection(SolutionProperties) = preSolution
		HideSolutionNode = FALSE
	EndGlobalSection
	GlobalSection(ExtensibilityGlobals) = postSolution
		SolutionGuid = {43505E0B-EA48-49BA-B0F1-E776D80A3355}
	EndGlobalSection
EndGlobal
